
Microsoft Visual Studio Solution File, Format Version 12.00
# Visual Studio Version 16
VisualStudioVersion = 16.0.30804.86
MinimumVisualStudioVersion = 10.0.40219.1
Project("{FAE04EC0-301F-11D3-BF4B-00C04F79EFBC}") = "Design Pattern 1", "Design Pattern 1\Design Pattern 1.csproj", "{79E68475-064F-4D6B-8CFC-635CA477D0C4}"
EndProject
Global
	GlobalSection(SolutionConfigurationPlatforms) = preSolution
		Debug|Any CPU = Debug|Any CPU
		Release|Any CPU = Release|Any CPU
	EndGlobalSection
	GlobalSection(ProjectConfigurationPlatforms) = postSolution
		{79E68475-064F-4D6B-8CFC-635CA477D0C4}.Debug|Any CPU.ActiveCfg = Debug|Any CPU
		{79E68475-064F-4D6B-8CFC-635CA477D0C4}.Debug|Any CPU.Build.0 = Debug|Any CPU
		{79E68475-064F-4D6B-8CFC-635CA477D0C4}.Release|Any CPU.ActiveCfg = Release|Any CPU
		{79E68475-064F-4D6B-8CFC-635CA477D0C4}.Release|Any CPU.Build.0 = Release|Any CPU
	EndGlobalSection
	GlobalSection(SolutionProperties) = preSolution
		HideSolutionNode = FALSE
	EndGlobalSection
	GlobalSection(ExtensibilityGlobals) = postSolution
		SolutionGuid = {B93DC74B-F512-4184-89AA-06F5B341D71A}
	EndGlobalSection
EndGlobal
